
Microsoft Visual Studio Solution File, Format Version 11.00
# Visual Studio 2010
Project("{FAE04EC0-301F-11D3-BF4B-00C04F79EFBC}") = "VuforiaScripts", "VuforiaScripts.csproj", "{044ED9C5-94DD-521B-8A97-569E158D7B43}"
EndProject
Project("{FAE04EC0-301F-11D3-BF4B-00C04F79EFBC}") = "Assembly-CSharp", "Assembly-CSharp.csproj", "{E613AEDB-9DE7-5AE8-4BE5-1FEA9007CC16}"
EndProject
Project("{FAE04EC0-301F-11D3-BF4B-00C04F79EFBC}") = "VuforiaEditorScripts", "VuforiaEditorScripts.csproj", "{607A3759-0579-251A-CC02-D22BCE755B2F}"
EndProject
Global
	GlobalSection(SolutionConfigurationPlatforms) = preSolution
		Debug|Any CPU = Debug|Any CPU
		Release|Any CPU = Release|Any CPU
	EndGlobalSection
	GlobalSection(ProjectConfigurationPlatforms) = postSolution
		{044ED9C5-94DD-521B-8A97-569E158D7B43}.Debug|Any CPU.ActiveCfg = Debug|Any CPU
		{044ED9C5-94DD-521B-8A97-569E158D7B43}.Debug|Any CPU.Build.0 = Debug|Any CPU
		{044ED9C5-94DD-521B-8A97-569E158D7B43}.Release|Any CPU.ActiveCfg = Release|Any CPU
		{044ED9C5-94DD-521B-8A97-569E158D7B43}.Release|Any CPU.Build.0 = Release|Any CPU
		{E613AEDB-9DE7-5AE8-4BE5-1FEA9007CC16}.Debug|Any CPU.ActiveCfg = Debug|Any CPU
		{E613AEDB-9DE7-5AE8-4BE5-1FEA9007CC16}.Debug|Any CPU.Build.0 = Debug|Any CPU
		{E613AEDB-9DE7-5AE8-4BE5-1FEA9007CC16}.Release|Any CPU.ActiveCfg = Release|Any CPU
		{E613AEDB-9DE7-5AE8-4BE5-1FEA9007CC16}.Release|Any CPU.Build.0 = Release|Any CPU
		{607A3759-0579-251A-CC02-D22BCE755B2F}.Debug|Any CPU.ActiveCfg = Debug|Any CPU
		{607A3759-0579-251A-CC02-D22BCE755B2F}.Debug|Any CPU.Build.0 = Debug|Any CPU
		{607A3759-0579-251A-CC02-D22BCE755B2F}.Release|Any CPU.ActiveCfg = Release|Any CPU
		{607A3759-0579-251A-CC02-D22BCE755B2F}.Release|Any CPU.Build.0 = Release|Any CPU
	EndGlobalSection
	GlobalSection(SolutionProperties) = preSolution
		HideSolutionNode = FALSE
	EndGlobalSection
	GlobalSection(MonoDevelopProperties) = preSolution
		StartupItem = Assembly-CSharp.csproj
	EndGlobalSection
EndGlobal
